// !$*UTF8*$!
{
	archiveVersion = 1;
	classes = {
	};
	objectVersion = 56;
	objects = {

/* Begin PBXBuildFile section */
		637D85EC2BE94CC90010BDBF /* AppDelegate.swift in Sources */ = {isa = PBXBuildFile; fileRef = 637D85EB2BE94CC90010BDBF /* AppDelegate.swift */; };
		637D85EE2BE94CC90010BDBF /* SceneDelegate.swift in Sources */ = {isa = PBXBuildFile; fileRef = 637D85ED2BE94CC90010BDBF /* SceneDelegate.swift */; };
		637D85F02BE94CC90010BDBF /* ViewController.swift in Sources */ = {isa = PBXBuildFile; fileRef = 637D85EF2BE94CC90010BDBF /* ViewController.swift */; };
		637D85F32BE94CC90010BDBF /* Main.storyboard in Resources */ = {isa = PBXBuildFile; fileRef = 637D85F12BE94CC90010BDBF /* Main.storyboard */; };
		637D85F52BE94CCC0010BDBF /* Assets.xcassets in Resources */ = {isa = PBXBuildFile; fileRef = 637D85F42BE94CCC0010BDBF /* Assets.xcassets */; };
		637D85F82BE94CCC0010BDBF /* LaunchScreen.storyboard in Resources */ = {isa = PBXBuildFile; fileRef = 637D85F62BE94CCC0010BDBF /* LaunchScreen.storyboard */; };
		637D86032BE94CCC0010BDBF /* OutfitterTests.swift in Sources */ = {isa = PBXBuildFile; fileRef = 637D86022BE94CCC0010BDBF /* OutfitterTests.swift */; };
		637D860D2BE94CCC0010BDBF /* OutfitterUITests.swift in Sources */ = {isa = PBXBuildFile; fileRef = 637D860C2BE94CCC0010BDBF /* OutfitterUITests.swift */; };
		637D860F2BE94CCC0010BDBF /* OutfitterUITestsLaunchTests.swift in Sources */ = {isa = PBXBuildFile; fileRef = 637D860E2BE94CCC0010BDBF /* OutfitterUITestsLaunchTests.swift */; };
/* End PBXBuildFile section */

/* Begin PBXContainerItemProxy section */
		637D85FF2BE94CCC0010BDBF /* PBXContainerItemProxy */ = {
			isa = PBXContainerItemProxy;
			containerPortal = 637D85E02BE94CC90010BDBF /* Project object */;
			proxyType = 1;
			remoteGlobalIDString = 637D85E72BE94CC90010BDBF;
			remoteInfo = Outfitter;
		};
		637D86092BE94CCC0010BDBF /* PBXContainerItemProxy */ = {
			isa = PBXContainerItemProxy;
			containerPortal = 637D85E02BE94CC90010BDBF /* Project object */;
			proxyType = 1;
			remoteGlobalIDString = 637D85E72BE94CC90010BDBF;
			remoteInfo = Outfitter;
		};
/* End PBXContainerItemProxy section */

/* Begin PBXFileReference section */
		637D85E82BE94CC90010BDBF /* Outfitter.app */ = {isa = PBXFileReference; explicitFileType = wrapper.application; includeInIndex = 0; path = Outfitter.app; sourceTree = BUILT_PRODUCTS_DIR; };
		637D85EB2BE94CC90010BDBF /* AppDelegate.swift */ = {isa = PBXFileReference; lastKnownFileType = sourcecode.swift; path = AppDelegate.swift; sourceTree = "<group>"; };
		637D85ED2BE94CC90010BDBF /* SceneDelegate.swift */ = {isa = PBXFileReference; lastKnownFileType = sourcecode.swift; path = SceneDelegate.swift; sourceTree = "<group>"; };
		637D85EF2BE94CC90010BDBF /* ViewController.swift */ = {isa = PBXFileReference; lastKnownFileType = sourcecode.swift; path = ViewController.swift; sourceTree = "<group>"; };
		637D85F22BE94CC90010BDBF /* Base */ = {isa = PBXFileReference; lastKnownFileType = file.storyboard; name = Base; path = Base.lproj/Main.storyboard; sourceTree = "<group>"; };
		637D85F42BE94CCC0010BDBF /* Assets.xcassets */ = {isa = PBXFileReference; lastKnownFileType = folder.assetcatalog; path = Assets.xcassets; sourceTree = "<group>"; };
		637D85F72BE94CCC0010BDBF /* Base */ = {isa = PBXFileReference; lastKnownFileType = file.storyboard; name = Base; path = Base.lproj/LaunchScreen.storyboard; sourceTree = "<group>"; };
		637D85F92BE94CCC0010BDBF /* Info.plist */ = {isa = PBXFileReference; lastKnownFileType = text.plist.xml; path = Info.plist; sourceTree = "<group>"; };
		637D85FE2BE94CCC0010BDBF /* OutfitterTests.xctest */ = {isa = PBXFileReference; explicitFileType = wrapper.cfbundle; includeInIndex = 0; path = OutfitterTests.xctest; sourceTree = BUILT_PRODUCTS_DIR; };
		637D86022BE94CCC0010BDBF /* OutfitterTests.swift */ = {isa = PBXFileReference; lastKnownFileType = sourcecode.swift; path = OutfitterTests.swift; sourceTree = "<group>"; };
		637D86082BE94CCC0010BDBF /* OutfitterUITests.xctest */ = {isa = PBXFileReference; explicitFileType = wrapper.cfbundle; includeInIndex = 0; path = OutfitterUITests.xctest; sourceTree = BUILT_PRODUCTS_DIR; };
		637D860C2BE94CCC0010BDBF /* OutfitterUITests.swift */ = {isa = PBXFileReference; lastKnownFileType = sourcecode.swift; path = OutfitterUITests.swift; sourceTree = "<group>"; };
		637D860E2BE94CCC0010BDBF /* OutfitterUITestsLaunchTests.swift */ = {isa = PBXFileReference; lastKnownFileType = sourcecode.swift; path = OutfitterUITestsLaunchTests.swift; sourceTree = "<group>"; };
/* End PBXFileReference section */

/* Begin PBXFrameworksBuildPhase section */
		637D85E52BE94CC90010BDBF /* Frameworks */ = {
			isa = PBXFrameworksBuildPhase;
			buildActionMask = 2147483647;
			files = (
			);
			runOnlyForDeploymentPostprocessing = 0;
		};
		637D85FB2BE94CCC0010BDBF /* Frameworks */ = {
			isa = PBXFrameworksBuildPhase;
			buildActionMask = 2147483647;
			files = (
			);
			runOnlyForDeploymentPostprocessing = 0;
		};
		637D86052BE94CCC0010BDBF /* Frameworks */ = {
			isa = PBXFrameworksBuildPhase;
			buildActionMask = 2147483647;
			files = (
			);
			runOnlyForDeploymentPostprocessing = 0;
		};
/* End PBXFrameworksBuildPhase section */

/* Begin PBXGroup section */
		637D85DF2BE94CC90010BDBF = {
			isa = PBXGroup;
			children = (
				637D85EA2BE94CC90010BDBF /* Outfitter */,
				637D86012BE94CCC0010BDBF /* OutfitterTests */,
				637D860B2BE94CCC0010BDBF /* OutfitterUITests */,
				637D85E92BE94CC90010BDBF /* Products */,
			);
			sourceTree = "<group>";
		};
		637D85E92BE94CC90010BDBF /* Products */ = {
			isa = PBXGroup;
			children = (
				637D85E82BE94CC90010BDBF /* Outfitter.app */,
				637D85FE2BE94CCC0010BDBF /* OutfitterTests.xctest */,
				637D86082BE94CCC0010BDBF /* OutfitterUITests.xctest */,
			);
			name = Products;
			sourceTree = "<group>";
		};
		637D85EA2BE94CC90010BDBF /* Outfitter */ = {
			isa = PBXGroup;
			children = (
				637D85EB2BE94CC90010BDBF /* AppDelegate.swift */,
				637D85ED2BE94CC90010BDBF /* SceneDelegate.swift */,
				637D85EF2BE94CC90010BDBF /* ViewController.swift */,
				637D85F12BE94CC90010BDBF /* Main.storyboard */,
				637D85F42BE94CCC0010BDBF /* Assets.xcassets */,
				637D85F62BE94CCC0010BDBF /* LaunchScreen.storyboard */,
				637D85F92BE94CCC0010BDBF /* Info.plist */,
			);
			path = Outfitter;
			sourceTree = "<group>";
		};
		637D86012BE94CCC0010BDBF /* OutfitterTests */ = {
			isa = PBXGroup;
			children = (
				637D86022BE94CCC0010BDBF /* OutfitterTests.swift */,
			);
			path = OutfitterTests;
			sourceTree = "<group>";
		};
		637D860B2BE94CCC0010BDBF /* OutfitterUITests */ = {
			isa = PBXGroup;
			children = (
				637D860C2BE94CCC0010BDBF /* OutfitterUITests.swift */,
				637D860E2BE94CCC0010BDBF /* OutfitterUITestsLaunchTests.swift */,
			);
			path = OutfitterUITests;
			sourceTree = "<group>";
		};
/* End PBXGroup section */

/* Begin PBXNativeTarget section */
		637D85E72BE94CC90010BDBF /* Outfitter */ = {
			isa = PBXNativeTarget;
			buildConfigurationList = 637D86122BE94CCC0010BDBF /* Build configuration list for PBXNativeTarget "Outfitter" */;
			buildPhases = (
				637D85E42BE94CC90010BDBF /* Sources */,
				637D85E52BE94CC90010BDBF /* Frameworks */,
				637D85E62BE94CC90010BDBF /* Resources */,
			);
			buildRules = (
			);
			dependencies = (
			);
			name = Outfitter;
			productName = Outfitter;
			productReference = 637D85E82BE94CC90010BDBF /* Outfitter.app */;
			productType = "com.apple.product-type.application";
		};
		637D85FD2BE94CCC0010BDBF /* OutfitterTests */ = {
			isa = PBXNativeTarget;
			buildConfigurationList = 637D86152BE94CCC0010BDBF /* Build configuration list for PBXNativeTarget "OutfitterTests" */;
			buildPhases = (
				637D85FA2BE94CCC0010BDBF /* Sources */,
				637D85FB2BE94CCC0010BDBF /* Frameworks */,
				637D85FC2BE94CCC0010BDBF /* Resources */,
			);
			buildRules = (
			);
			dependencies = (
				637D86002BE94CCC0010BDBF /* PBXTargetDependency */,
			);
			name = OutfitterTests;
			productName = OutfitterTests;
			productReference = 637D85FE2BE94CCC0010BDBF /* OutfitterTests.xctest */;
			productType = "com.apple.product-type.bundle.unit-test";
		};
		637D86072BE94CCC0010BDBF /* OutfitterUITests */ = {
			isa = PBXNativeTarget;
			buildConfigurationList = 637D86182BE94CCC0010BDBF /* Build configuration list for PBXNativeTarget "OutfitterUITests" */;
			buildPhases = (
				637D86042BE94CCC0010BDBF /* Sources */,
				637D86052BE94CCC0010BDBF /* Frameworks */,
				637D86062BE94CCC0010BDBF /* Resources */,
			);
			buildRules = (
			);
			dependencies = (
				637D860A2BE94CCC0010BDBF /* PBXTargetDependency */,
			);
			name = OutfitterUITests;
			productName = OutfitterUITests;
			productReference = 637D86082BE94CCC0010BDBF /* OutfitterUITests.xctest */;
			productType = "com.apple.product-type.bundle.ui-testing";
		};
/* End PBXNativeTarget section */

/* Begin PBXProject section */
		637D85E02BE94CC90010BDBF /* Project object */ = {
			isa = PBXProject;
			attributes = {
				BuildIndependentTargetsInParallel = 1;
				LastSwiftUpdateCheck = 1500;
				LastUpgradeCheck = 1500;
				TargetAttributes = {
					637D85E72BE94CC90010BDBF = {
						CreatedOnToolsVersion = 15.0;
					};
					637D85FD2BE94CCC0010BDBF = {
						CreatedOnToolsVersion = 15.0;
						TestTargetID = 637D85E72BE94CC90010BDBF;
					};
					637D86072BE94CCC0010BDBF = {
						CreatedOnToolsVersion = 15.0;
						TestTargetID = 637D85E72BE94CC90010BDBF;
					};
				};
			};
			buildConfigurationList = 637D85E32BE94CC90010BDBF /* Build configuration list for PBXProject "Outfitter" */;
			compatibilityVersion = "Xcode 14.0";
			developmentRegion = en;
			hasScannedForEncodings = 0;
			knownRegions = (
				en,
				Base,
			);
			mainGroup = 637D85DF2BE94CC90010BDBF;
			productRefGroup = 637D85E92BE94CC90010BDBF /* Products */;
			projectDirPath = "";
			projectRoot = "";
			targets = (
				637D85E72BE94CC90010BDBF /* Outfitter */,
				637D85FD2BE94CCC0010BDBF /* OutfitterTests */,
				637D86072BE94CCC0010BDBF /* OutfitterUITests */,
			);
		};
/* End PBXProject section */

/* Begin PBXResourcesBuildPhase section */
		637D85E62BE94CC90010BDBF /* Resources */ = {
			isa = PBXResourcesBuildPhase;
			buildActionMask = 2147483647;
			files = (
				637D85F82BE94CCC0010BDBF /* LaunchScreen.storyboard in Resources */,
				637D85F52BE94CCC0010BDBF /* Assets.xcassets in Resources */,
				637D85F32BE94CC90010BDBF /* Main.storyboard in Resources */,
			);
			runOnlyForDeploymentPostprocessing = 0;
		};
		637D85FC2BE94CCC0010BDBF /* Resources */ = {
			isa = PBXResourcesBuildPhase;
			buildActionMask = 2147483647;
			files = (
			);
			runOnlyForDeploymentPostprocessing = 0;
		};
		637D86062BE94CCC0010BDBF /* Resources */ = {
			isa = PBXResourcesBuildPhase;
			buildActionMask = 2147483647;
			files = (
			);
			runOnlyForDeploymentPostprocessing = 0;
		};
/* End PBXResourcesBuildPhase section */

/* Begin PBXSourcesBuildPhase section */
		637D85E42BE94CC90010BDBF /* Sources */ = {
			isa = PBXSourcesBuildPhase;
			buildActionMask = 2147483647;
			files = (
				637D85F02BE94CC90010BDBF /* ViewController.swift in Sources */,
				637D85EC2BE94CC90010BDBF /* AppDelegate.swift in Sources */,
				637D85EE2BE94CC90010BDBF /* SceneDelegate.swift in Sources */,
			);
			runOnlyForDeploymentPostprocessing = 0;
		};
		637D85FA2BE94CCC0010BDBF /* Sources */ = {
			isa = PBXSourcesBuildPhase;
			buildActionMask = 2147483647;
			files = (
				637D86032BE94CCC0010BDBF /* OutfitterTests.swift in Sources */,
			);
			runOnlyForDeploymentPostprocessing = 0;
		};
		637D86042BE94CCC0010BDBF /* Sources */ = {
			isa = PBXSourcesBuildPhase;
			buildActionMask = 2147483647;
			files = (
				637D860D2BE94CCC0010BDBF /* OutfitterUITests.swift in Sources */,
				637D860F2BE94CCC0010BDBF /* OutfitterUITestsLaunchTests.swift in Sources */,
			);
			runOnlyForDeploymentPostprocessing = 0;
		};
/* End PBXSourcesBuildPhase section */

/* Begin PBXTargetDependency section */
		637D86002BE94CCC0010BDBF /* PBXTargetDependency */ = {
			isa = PBXTargetDependency;
			target = 637D85E72BE94CC90010BDBF /* Outfitter */;
			targetProxy = 637D85FF2BE94CCC0010BDBF /* PBXContainerItemProxy */;
		};
		637D860A2BE94CCC0010BDBF /* PBXTargetDependency */ = {
			isa = PBXTargetDependency;
			target = 637D85E72BE94CC90010BDBF /* Outfitter */;
			targetProxy = 637D86092BE94CCC0010BDBF /* PBXContainerItemProxy */;
		};
/* End PBXTargetDependency section */

/* Begin PBXVariantGroup section */
		637D85F12BE94CC90010BDBF /* Main.storyboard */ = {
			isa = PBXVariantGroup;
			children = (
				637D85F22BE94CC90010BDBF /* Base */,
			);
			name = Main.storyboard;
			sourceTree = "<group>";
		};
		637D85F62BE94CCC0010BDBF /* LaunchScreen.storyboard */ = {
			isa = PBXVariantGroup;
			children = (
				637D85F72BE94CCC0010BDBF /* Base */,
			);
			name = LaunchScreen.storyboard;
			sourceTree = "<group>";
		};
/* End PBXVariantGroup section */

/* Begin XCBuildConfiguration section */
		637D86102BE94CCC0010BDBF /* Debug */ = {
			isa = XCBuildConfiguration;
			buildSettings = {
				ALWAYS_SEARCH_USER_PATHS = NO;
				ASSETCATALOG_COMPILER_GENERATE_SWIFT_ASSET_SYMBOL_EXTENSIONS = YES;
				CLANG_ANALYZER_NONNULL = YES;
				CLANG_ANALYZER_NUMBER_OBJECT_CONVERSION = YES_AGGRESSIVE;
				CLANG_CXX_LANGUAGE_STANDARD = "gnu++20";
				CLANG_ENABLE_MODULES = YES;
				CLANG_ENABLE_OBJC_ARC = YES;
				CLANG_ENABLE_OBJC_WEAK = YES;
				CLANG_WARN_BLOCK_CAPTURE_AUTORELEASING = YES;
				CLANG_WARN_BOOL_CONVERSION = YES;
				CLANG_WARN_COMMA = YES;
				CLANG_WARN_CONSTANT_CONVERSION = YES;
				CLANG_WARN_DEPRECATED_OBJC_IMPLEMENTATIONS = YES;
				CLANG_WARN_DIRECT_OBJC_ISA_USAGE = YES_ERROR;
				CLANG_WARN_DOCUMENTATION_COMMENTS = YES;
				CLANG_WARN_EMPTY_BODY = YES;
				CLANG_WARN_ENUM_CONVERSION = YES;
				CLANG_WARN_INFINITE_RECURSION = YES;
				CLANG_WARN_INT_CONVERSION = YES;
				CLANG_WARN_NON_LITERAL_NULL_CONVERSION = YES;
				CLANG_WARN_OBJC_IMPLICIT_RETAIN_SELF = YES;
				CLANG_WARN_OBJC_LITERAL_CONVERSION = YES;
				CLANG_WARN_OBJC_ROOT_CLASS = YES_ERROR;
				CLANG_WARN_QUOTED_INCLUDE_IN_FRAMEWORK_HEADER = YES;
				CLANG_WARN_RANGE_LOOP_ANALYSIS = YES;
				CLANG_WARN_STRICT_PROTOTYPES = YES;
				CLANG_WARN_SUSPICIOUS_MOVE = YES;
				CLANG_WARN_UNGUARDED_AVAILABILITY = YES_AGGRESSIVE;
				CLANG_WARN_UNREACHABLE_CODE = YES;
				CLANG_WARN__DUPLICATE_METHOD_MATCH = YES;
				COPY_PHASE_STRIP = NO;
				DEBUG_INFORMATION_FORMAT = dwarf;
				ENABLE_STRICT_OBJC_MSGSEND = YES;
				ENABLE_TESTABILITY = YES;
				ENABLE_USER_SCRIPT_SANDBOXING = YES;
				GCC_C_LANGUAGE_STANDARD = gnu17;
				GCC_DYNAMIC_NO_PIC = NO;
				GCC_NO_COMMON_BLOCKS = YES;
				GCC_OPTIMIZATION_LEVEL = 0;
				GCC_PREPROCESSOR_DEFINITIONS = (
					"DEBUG=1",
					"$(inherited)",
				);
				GCC_WARN_64_TO_32_BIT_CONVERSION = YES;
				GCC_WARN_ABOUT_RETURN_TYPE = YES_ERROR;
				GCC_WARN_UNDECLARED_SELECTOR = YES;
				GCC_WARN_UNINITIALIZED_AUTOS = YES_AGGRESSIVE;
				GCC_WARN_UNUSED_FUNCTION = YES;
				GCC_WARN_UNUSED_VARIABLE = YES;
				IPHONEOS_DEPLOYMENT_TARGET = 17.0;
				LOCALIZATION_PREFERS_STRING_CATALOGS = YES;
				MTL_ENABLE_DEBUG_INFO = INCLUDE_SOURCE;
				MTL_FAST_MATH = YES;
				ONLY_ACTIVE_ARCH = YES;
				SDKROOT = iphoneos;
				SWIFT_ACTIVE_COMPILATION_CONDITIONS = "DEBUG $(inherited)";
				SWIFT_OPTIMIZATION_LEVEL = "-Onone";
			};
			name = Debug;
		};
		637D86112BE94CCC0010BDBF /* Release */ = {
			isa = XCBuildConfiguration;
			buildSettings = {
				ALWAYS_SEARCH_USER_PATHS = NO;
				ASSETCATALOG_COMPILER_GENERATE_SWIFT_ASSET_SYMBOL_EXTENSIONS = YES;
				CLANG_ANALYZER_NONNULL = YES;
				CLANG_ANALYZER_NUMBER_OBJECT_CONVERSION = YES_AGGRESSIVE;
				CLANG_CXX_LANGUAGE_STANDARD = "gnu++20";
				CLANG_ENABLE_MODULES = YES;
				CLANG_ENABLE_OBJC_ARC = YES;
				CLANG_ENABLE_OBJC_WEAK = YES;
				CLANG_WARN_BLOCK_CAPTURE_AUTORELEASING = YES;
				CLANG_WARN_BOOL_CONVERSION = YES;
				CLANG_WARN_COMMA = YES;
				CLANG_WARN_CONSTANT_CONVERSION = YES;
				CLANG_WARN_DEPRECATED_OBJC_IMPLEMENTATIONS = YES;
				CLANG_WARN_DIRECT_OBJC_ISA_USAGE = YES_ERROR;
				CLANG_WARN_DOCUMENTATION_COMMENTS = YES;
				CLANG_WARN_EMPTY_BODY = YES;
				CLANG_WARN_ENUM_CONVERSION = YES;
				CLANG_WARN_INFINITE_RECURSION = YES;
				CLANG_WARN_INT_CONVERSION = YES;
				CLANG_WARN_NON_LITERAL_NULL_CONVERSION = YES;
				CLANG_WARN_OBJC_IMPLICIT_RETAIN_SELF = YES;
				CLANG_WARN_OBJC_LITERAL_CONVERSION = YES;
				CLANG_WARN_OBJC_ROOT_CLASS = YES_ERROR;
				CLANG_WARN_QUOTED_INCLUDE_IN_FRAMEWORK_HEADER = YES;
				CLANG_WARN_RANGE_LOOP_ANALYSIS = YES;
				CLANG_WARN_STRICT_PROTOTYPES = YES;
				CLANG_WARN_SUSPICIOUS_MOVE = YES;
				CLANG_WARN_UNGUARDED_AVAILABILITY = YES_AGGRESSIVE;
				CLANG_WARN_UNREACHABLE_CODE = YES;
				CLANG_WARN__DUPLICATE_METHOD_MATCH = YES;
				COPY_PHASE_STRIP = NO;
				DEBUG_INFORMATION_FORMAT = "dwarf-with-dsym";
				ENABLE_NS_ASSERTIONS = NO;
				ENABLE_STRICT_OBJC_MSGSEND = YES;
				ENABLE_USER_SCRIPT_SANDBOXING = YES;
				GCC_C_LANGUAGE_STANDARD = gnu17;
				GCC_NO_COMMON_BLOCKS = YES;
				GCC_WARN_64_TO_32_BIT_CONVERSION = YES;
				GCC_WARN_ABOUT_RETURN_TYPE = YES_ERROR;
				GCC_WARN_UNDECLARED_SELECTOR = YES;
				GCC_WARN_UNINITIALIZED_AUTOS = YES_AGGRESSIVE;
				GCC_WARN_UNUSED_FUNCTION = YES;
				GCC_WARN_UNUSED_VARIABLE = YES;
				IPHONEOS_DEPLOYMENT_TARGET = 17.0;
				LOCALIZATION_PREFERS_STRING_CATALOGS = YES;
				MTL_ENABLE_DEBUG_INFO = NO;
				MTL_FAST_MATH = YES;
				SDKROOT = iphoneos;
				SWIFT_COMPILATION_MODE = wholemodule;
				VALIDATE_PRODUCT = YES;
			};
			name = Release;
		};
		637D86132BE94CCC0010BDBF /* Debug */ = {
			isa = XCBuildConfiguration;
			buildSettings = {
				ASSETCATALOG_COMPILER_APPICON_NAME = AppIcon;
				ASSETCATALOG_COMPILER_GLOBAL_ACCENT_COLOR_NAME = AccentColor;
				CODE_SIGN_STYLE = Automatic;
				CURRENT_PROJECT_VERSION = 1;
				DEVELOPMENT_TEAM = 7XGZ6RZ9AK;
				GENERATE_INFOPLIST_FILE = YES;
				INFOPLIST_FILE = Outfitter/Info.plist;
				INFOPLIST_KEY_UIApplicationSupportsIndirectInputEvents = YES;
				INFOPLIST_KEY_UILaunchStoryboardName = LaunchScreen;
				INFOPLIST_KEY_UIMainStoryboardFile = Main;
				INFOPLIST_KEY_UISupportedInterfaceOrientations_iPad = "UIInterfaceOrientationPortrait UIInterfaceOrientationPortraitUpsideDown UIInterfaceOrientationLandscapeLeft UIInterfaceOrientationLandscapeRight";
				INFOPLIST_KEY_UISupportedInterfaceOrientations_iPhone = "UIInterfaceOrientationPortrait UIInterfaceOrientationLandscapeLeft UIInterfaceOrientationLandscapeRight";
				LD_RUNPATH_SEARCH_PATHS = (
					"$(inherited)",
					"@executable_path/Frameworks",
				);
				MARKETING_VERSION = 1.0;
				PRODUCT_BUNDLE_IDENTIFIER = "com.david-riegel.Outfitter";
				PRODUCT_NAME = "$(TARGET_NAME)";
				SWIFT_EMIT_LOC_STRINGS = YES;
				SWIFT_VERSION = 5.0;
				TARGETED_DEVICE_FAMILY = "1,2";
			};
			name = Debug;
		};
		637D86142BE94CCC0010BDBF /* Release */ = {
			isa = XCBuildConfiguration;
			buildSettings = {
				ASSETCATALOG_COMPILER_APPICON_NAME = AppIcon;
				ASSETCATALOG_COMPILER_GLOBAL_ACCENT_COLOR_NAME = AccentColor;
				CODE_SIGN_STYLE = Automatic;
				CURRENT_PROJECT_VERSION = 1;
				DEVELOPMENT_TEAM = 7XGZ6RZ9AK;
				GENERATE_INFOPLIST_FILE = YES;
				INFOPLIST_FILE = Outfitter/Info.plist;
				INFOPLIST_KEY_UIApplicationSupportsIndirectInputEvents = YES;
				INFOPLIST_KEY_UILaunchStoryboardName = LaunchScreen;
				INFOPLIST_KEY_UIMainStoryboardFile = Main;
				INFOPLIST_KEY_UISupportedInterfaceOrientations_iPad = "UIInterfaceOrientationPortrait UIInterfaceOrientationPortraitUpsideDown UIInterfaceOrientationLandscapeLeft UIInterfaceOrientationLandscapeRight";
				INFOPLIST_KEY_UISupportedInterfaceOrientations_iPhone = "UIInterfaceOrientationPortrait UIInterfaceOrientationLandscapeLeft UIInterfaceOrientationLandscapeRight";
				LD_RUNPATH_SEARCH_PATHS = (
					"$(inherited)",
					"@executable_path/Frameworks",
				);
				MARKETING_VERSION = 1.0;
				PRODUCT_BUNDLE_IDENTIFIER = "com.david-riegel.Outfitter";
				PRODUCT_NAME = "$(TARGET_NAME)";
				SWIFT_EMIT_LOC_STRINGS = YES;
				SWIFT_VERSION = 5.0;
				TARGETED_DEVICE_FAMILY = "1,2";
			};
			name = Release;
		};
		637D86162BE94CCC0010BDBF /* Debug */ = {
			isa = XCBuildConfiguration;
			buildSettings = {
				ALWAYS_EMBED_SWIFT_STANDARD_LIBRARIES = YES;
				BUNDLE_LOADER = "$(TEST_HOST)";
				CODE_SIGN_STYLE = Automatic;
				CURRENT_PROJECT_VERSION = 1;
				DEVELOPMENT_TEAM = 7XGZ6RZ9AK;
				GENERATE_INFOPLIST_FILE = YES;
				IPHONEOS_DEPLOYMENT_TARGET = 17.0;
				MARKETING_VERSION = 1.0;
				PRODUCT_BUNDLE_IDENTIFIER = "com.david-riegel.OutfitterTests";
				PRODUCT_NAME = "$(TARGET_NAME)";
				SWIFT_EMIT_LOC_STRINGS = NO;
				SWIFT_VERSION = 5.0;
				TARGETED_DEVICE_FAMILY = "1,2";
				TEST_HOST = "$(BUILT_PRODUCTS_DIR)/Outfitter.app/$(BUNDLE_EXECUTABLE_FOLDER_PATH)/Outfitter";
			};
			name = Debug;
		};
		637D86172BE94CCC0010BDBF /* Release */ = {
			isa = XCBuildConfiguration;
			buildSettings = {
				ALWAYS_EMBED_SWIFT_STANDARD_LIBRARIES = YES;
				BUNDLE_LOADER = "$(TEST_HOST)";
				CODE_SIGN_STYLE = Automatic;
				CURRENT_PROJECT_VERSION = 1;
				DEVELOPMENT_TEAM = 7XGZ6RZ9AK;
				GENERATE_INFOPLIST_FILE = YES;
				IPHONEOS_DEPLOYMENT_TARGET = 17.0;
				MARKETING_VERSION = 1.0;
				PRODUCT_BUNDLE_IDENTIFIER = "com.david-riegel.OutfitterTests";
				PRODUCT_NAME = "$(TARGET_NAME)";
				SWIFT_EMIT_LOC_STRINGS = NO;
				SWIFT_VERSION = 5.0;
				TARGETED_DEVICE_FAMILY = "1,2";
				TEST_HOST = "$(BUILT_PRODUCTS_DIR)/Outfitter.app/$(BUNDLE_EXECUTABLE_FOLDER_PATH)/Outfitter";
			};
			name = Release;
		};
		637D86192BE94CCC0010BDBF /* Debug */ = {
			isa = XCBuildConfiguration;
			buildSettings = {
				ALWAYS_EMBED_SWIFT_STANDARD_LIBRARIES = YES;
				CODE_SIGN_STYLE = Automatic;
				CURRENT_PROJECT_VERSION = 1;
				DEVELOPMENT_TEAM = 7XGZ6RZ9AK;
				GENERATE_INFOPLIST_FILE = YES;
				MARKETING_VERSION = 1.0;
				PRODUCT_BUNDLE_IDENTIFIER = "com.david-riegel.OutfitterUITests";
				PRODUCT_NAME = "$(TARGET_NAME)";
				SWIFT_EMIT_LOC_STRINGS = NO;
				SWIFT_VERSION = 5.0;
				TARGETED_DEVICE_FAMILY = "1,2";
				TEST_TARGET_NAME = Outfitter;
			};
			name = Debug;
		};
		637D861A2BE94CCC0010BDBF /* Release */ = {
			isa = XCBuildConfiguration;
			buildSettings = {
				ALWAYS_EMBED_SWIFT_STANDARD_LIBRARIES = YES;
				CODE_SIGN_STYLE = Automatic;
				CURRENT_PROJECT_VERSION = 1;
				DEVELOPMENT_TEAM = 7XGZ6RZ9AK;
				GENERATE_INFOPLIST_FILE = YES;
				MARKETING_VERSION = 1.0;
				PRODUCT_BUNDLE_IDENTIFIER = "com.david-riegel.OutfitterUITests";
				PRODUCT_NAME = "$(TARGET_NAME)";
				SWIFT_EMIT_LOC_STRINGS = NO;
				SWIFT_VERSION = 5.0;
				TARGETED_DEVICE_FAMILY = "1,2";
				TEST_TARGET_NAME = Outfitter;
			};
			name = Release;
		};
/* End XCBuildConfiguration section */

/* Begin XCConfigurationList section */
		637D85E32BE94CC90010BDBF /* Build configuration list for PBXProject "Outfitter" */ = {
			isa = XCConfigurationList;
			buildConfigurations = (
				637D86102BE94CCC0010BDBF /* Debug */,
				637D86112BE94CCC0010BDBF /* Release */,
			);
			defaultConfigurationIsVisible = 0;
			defaultConfigurationName = Release;
		};
		637D86122BE94CCC0010BDBF /* Build configuration list for PBXNativeTarget "Outfitter" */ = {
			isa = XCConfigurationList;
			buildConfigurations = (
				637D86132BE94CCC0010BDBF /* Debug */,
				637D86142BE94CCC0010BDBF /* Release */,
			);
			defaultConfigurationIsVisible = 0;
			defaultConfigurationName = Release;
		};
		637D86152BE94CCC0010BDBF /* Build configuration list for PBXNativeTarget "OutfitterTests" */ = {
			isa = XCConfigurationList;
			buildConfigurations = (
				637D86162BE94CCC0010BDBF /* Debug */,
				637D86172BE94CCC0010BDBF /* Release */,
			);
			defaultConfigurationIsVisible = 0;
			defaultConfigurationName = Release;
		};
		637D86182BE94CCC0010BDBF /* Build configuration list for PBXNativeTarget "OutfitterUITests" */ = {
			isa = XCConfigurationList;
			buildConfigurations = (
				637D86192BE94CCC0010BDBF /* Debug */,
				637D861A2BE94CCC0010BDBF /* Release */,
			);
			defaultConfigurationIsVisible = 0;
			defaultConfigurationName = Release;
		};
/* End XCConfigurationList section */
	};
	rootObject = 637D85E02BE94CC90010BDBF /* Project object */;
}
