// !$*UTF8*$!
{
	archiveVersion = 1;
	classes = {
	};
	objectVersion = 56;
	objects = {

/* Begin PBXBuildFile section */
		631B405E2C663B820018C5FF /* NetworkingError.swift in Sources */ = {isa = PBXBuildFile; fileRef = 631B405D2C663B820018C5FF /* NetworkingError.swift */; };
		6321954D2C5C4B38003EE6E4 /* ClothingDetailsController.swift in Sources */ = {isa = PBXBuildFile; fileRef = 6321954C2C5C4B38003EE6E4 /* ClothingDetailsController.swift */; };
		635A6CB32C65858100142784 /* SignUpController.swift in Sources */ = {isa = PBXBuildFile; fileRef = 635A6CB22C65858100142784 /* SignUpController.swift */; };
		635A6CB52C65859000142784 /* SignInController.swift in Sources */ = {isa = PBXBuildFile; fileRef = 635A6CB42C65859000142784 /* SignInController.swift */; };
		635A6CB72C6585A000142784 /* welcomeController.swift in Sources */ = {isa = PBXBuildFile; fileRef = 635A6CB62C6585A000142784 /* welcomeController.swift */; };
		635A6CBA2C65958E00142784 /* TokenModel.swift in Sources */ = {isa = PBXBuildFile; fileRef = 635A6CB92C65958E00142784 /* TokenModel.swift */; };
		63743F1F2CEB7A7600646541 /* OutfitsController.swift in Sources */ = {isa = PBXBuildFile; fileRef = 63743F1E2CEB7A7600646541 /* OutfitsController.swift */; };
		63743F212CEB7B2500646541 /* ClothesController.swift in Sources */ = {isa = PBXBuildFile; fileRef = 63743F202CEB7B2500646541 /* ClothesController.swift */; };
		63743F232CEB7F9F00646541 /* ClothingViewCell.swift in Sources */ = {isa = PBXBuildFile; fileRef = 63743F222CEB7F9F00646541 /* ClothingViewCell.swift */; };
		637D85EC2BE94CC90010BDBF /* AppDelegate.swift in Sources */ = {isa = PBXBuildFile; fileRef = 637D85EB2BE94CC90010BDBF /* AppDelegate.swift */; };
		637D85EE2BE94CC90010BDBF /* SceneDelegate.swift in Sources */ = {isa = PBXBuildFile; fileRef = 637D85ED2BE94CC90010BDBF /* SceneDelegate.swift */; };
		637D85F02BE94CC90010BDBF /* HomeController.swift in Sources */ = {isa = PBXBuildFile; fileRef = 637D85EF2BE94CC90010BDBF /* HomeController.swift */; };
		637D85F52BE94CCC0010BDBF /* Assets.xcassets in Resources */ = {isa = PBXBuildFile; fileRef = 637D85F42BE94CCC0010BDBF /* Assets.xcassets */; };
		637D85F82BE94CCC0010BDBF /* LaunchScreen.storyboard in Resources */ = {isa = PBXBuildFile; fileRef = 637D85F62BE94CCC0010BDBF /* LaunchScreen.storyboard */; };
		637D86032BE94CCC0010BDBF /* OutfitterTests.swift in Sources */ = {isa = PBXBuildFile; fileRef = 637D86022BE94CCC0010BDBF /* OutfitterTests.swift */; };
		637D860D2BE94CCC0010BDBF /* OutfitterUITests.swift in Sources */ = {isa = PBXBuildFile; fileRef = 637D860C2BE94CCC0010BDBF /* OutfitterUITests.swift */; };
		637D860F2BE94CCC0010BDBF /* OutfitterUITestsLaunchTests.swift in Sources */ = {isa = PBXBuildFile; fileRef = 637D860E2BE94CCC0010BDBF /* OutfitterUITestsLaunchTests.swift */; };
		637D86212BE955D90010BDBF /* TabBarController.swift in Sources */ = {isa = PBXBuildFile; fileRef = 637D86202BE955D90010BDBF /* TabBarController.swift */; };
		637D86232BE957070010BDBF /* MyProfileController.swift in Sources */ = {isa = PBXBuildFile; fileRef = 637D86222BE957070010BDBF /* MyProfileController.swift */; };
		637D86252BED05CD0010BDBF /* GeneratorController.swift in Sources */ = {isa = PBXBuildFile; fileRef = 637D86242BED05CD0010BDBF /* GeneratorController.swift */; };
		63903ABA2CE292BC00459A13 /* ErrorResponses.swift in Sources */ = {isa = PBXBuildFile; fileRef = 63903AB92CE292BC00459A13 /* ErrorResponses.swift */; };
		63A096932CE63C6000537455 /* Clothing.swift in Sources */ = {isa = PBXBuildFile; fileRef = 63A096922CE63C6000537455 /* Clothing.swift */; };
		63C82C582C935B3A00E85243 /* UploadController.swift in Sources */ = {isa = PBXBuildFile; fileRef = 63C82C572C935B3A00E85243 /* UploadController.swift */; };
		63E010222BED31C3007F38F2 /* APIHandler.swift in Sources */ = {isa = PBXBuildFile; fileRef = 63E010212BED31C3007F38F2 /* APIHandler.swift */; };
		63E010242BED33B3007F38F2 /* UploadController2.swift in Sources */ = {isa = PBXBuildFile; fileRef = 63E010232BED33B3007F38F2 /* UploadController2.swift */; };
		63E8747B2C67F0F300A907FD /* SkeletonView in Frameworks */ = {isa = PBXBuildFile; productRef = 63E8747A2C67F0F300A907FD /* SkeletonView */; };
		63E8747D2C67FA8D00A907FD /* Extensions.swift in Sources */ = {isa = PBXBuildFile; fileRef = 63E8747C2C67FA8D00A907FD /* Extensions.swift */; };
		63E8747F2C68069900A907FD /* User.swift in Sources */ = {isa = PBXBuildFile; fileRef = 63E8747E2C68069900A907FD /* User.swift */; };
		63E874822C680C7D00A907FD /* SDWebImage in Frameworks */ = {isa = PBXBuildFile; productRef = 63E874812C680C7D00A907FD /* SDWebImage */; };
/* End PBXBuildFile section */

/* Begin PBXContainerItemProxy section */
		637D85FF2BE94CCC0010BDBF /* PBXContainerItemProxy */ = {
			isa = PBXContainerItemProxy;
			containerPortal = 637D85E02BE94CC90010BDBF /* Project object */;
			proxyType = 1;
			remoteGlobalIDString = 637D85E72BE94CC90010BDBF;
			remoteInfo = Outfitter;
		};
		637D86092BE94CCC0010BDBF /* PBXContainerItemProxy */ = {
			isa = PBXContainerItemProxy;
			containerPortal = 637D85E02BE94CC90010BDBF /* Project object */;
			proxyType = 1;
			remoteGlobalIDString = 637D85E72BE94CC90010BDBF;
			remoteInfo = Outfitter;
		};
/* End PBXContainerItemProxy section */

/* Begin PBXFileReference section */
		631B405D2C663B820018C5FF /* NetworkingError.swift */ = {isa = PBXFileReference; lastKnownFileType = sourcecode.swift; path = NetworkingError.swift; sourceTree = "<group>"; };
		6321954C2C5C4B38003EE6E4 /* ClothingDetailsController.swift */ = {isa = PBXFileReference; lastKnownFileType = sourcecode.swift; path = ClothingDetailsController.swift; sourceTree = "<group>"; };
		635A6CB22C65858100142784 /* SignUpController.swift */ = {isa = PBXFileReference; lastKnownFileType = sourcecode.swift; path = SignUpController.swift; sourceTree = "<group>"; };
		635A6CB42C65859000142784 /* SignInController.swift */ = {isa = PBXFileReference; lastKnownFileType = sourcecode.swift; path = SignInController.swift; sourceTree = "<group>"; };
		635A6CB62C6585A000142784 /* welcomeController.swift */ = {isa = PBXFileReference; lastKnownFileType = sourcecode.swift; path = welcomeController.swift; sourceTree = "<group>"; };
		635A6CB92C65958E00142784 /* TokenModel.swift */ = {isa = PBXFileReference; lastKnownFileType = sourcecode.swift; path = TokenModel.swift; sourceTree = "<group>"; };
		63743F1E2CEB7A7600646541 /* OutfitsController.swift */ = {isa = PBXFileReference; lastKnownFileType = sourcecode.swift; path = OutfitsController.swift; sourceTree = "<group>"; };
		63743F202CEB7B2500646541 /* ClothesController.swift */ = {isa = PBXFileReference; lastKnownFileType = sourcecode.swift; path = ClothesController.swift; sourceTree = "<group>"; };
		63743F222CEB7F9F00646541 /* ClothingViewCell.swift */ = {isa = PBXFileReference; lastKnownFileType = sourcecode.swift; path = ClothingViewCell.swift; sourceTree = "<group>"; };
		637D85E82BE94CC90010BDBF /* Clothing Booth.app */ = {isa = PBXFileReference; explicitFileType = wrapper.application; includeInIndex = 0; path = "Clothing Booth.app"; sourceTree = BUILT_PRODUCTS_DIR; };
		637D85EB2BE94CC90010BDBF /* AppDelegate.swift */ = {isa = PBXFileReference; lastKnownFileType = sourcecode.swift; path = AppDelegate.swift; sourceTree = "<group>"; };
		637D85ED2BE94CC90010BDBF /* SceneDelegate.swift */ = {isa = PBXFileReference; lastKnownFileType = sourcecode.swift; path = SceneDelegate.swift; sourceTree = "<group>"; };
		637D85EF2BE94CC90010BDBF /* HomeController.swift */ = {isa = PBXFileReference; lastKnownFileType = sourcecode.swift; path = HomeController.swift; sourceTree = "<group>"; };
		637D85F42BE94CCC0010BDBF /* Assets.xcassets */ = {isa = PBXFileReference; lastKnownFileType = folder.assetcatalog; path = Assets.xcassets; sourceTree = "<group>"; };
		637D85F72BE94CCC0010BDBF /* Base */ = {isa = PBXFileReference; lastKnownFileType = file.storyboard; name = Base; path = Base.lproj/LaunchScreen.storyboard; sourceTree = "<group>"; };
		637D85F92BE94CCC0010BDBF /* Info.plist */ = {isa = PBXFileReference; lastKnownFileType = text.plist.xml; path = Info.plist; sourceTree = "<group>"; };
		637D85FE2BE94CCC0010BDBF /* Clothing BoothTests.xctest */ = {isa = PBXFileReference; explicitFileType = wrapper.cfbundle; includeInIndex = 0; path = "Clothing BoothTests.xctest"; sourceTree = BUILT_PRODUCTS_DIR; };
		637D86022BE94CCC0010BDBF /* OutfitterTests.swift */ = {isa = PBXFileReference; lastKnownFileType = sourcecode.swift; path = OutfitterTests.swift; sourceTree = "<group>"; };
		637D86082BE94CCC0010BDBF /* Clothing BoothUITests.xctest */ = {isa = PBXFileReference; explicitFileType = wrapper.cfbundle; includeInIndex = 0; path = "Clothing BoothUITests.xctest"; sourceTree = BUILT_PRODUCTS_DIR; };
		637D860C2BE94CCC0010BDBF /* OutfitterUITests.swift */ = {isa = PBXFileReference; lastKnownFileType = sourcecode.swift; path = OutfitterUITests.swift; sourceTree = "<group>"; };
		637D860E2BE94CCC0010BDBF /* OutfitterUITestsLaunchTests.swift */ = {isa = PBXFileReference; lastKnownFileType = sourcecode.swift; path = OutfitterUITestsLaunchTests.swift; sourceTree = "<group>"; };
		637D86202BE955D90010BDBF /* TabBarController.swift */ = {isa = PBXFileReference; lastKnownFileType = sourcecode.swift; path = TabBarController.swift; sourceTree = "<group>"; };
		637D86222BE957070010BDBF /* MyProfileController.swift */ = {isa = PBXFileReference; lastKnownFileType = sourcecode.swift; path = MyProfileController.swift; sourceTree = "<group>"; };
		637D86242BED05CD0010BDBF /* GeneratorController.swift */ = {isa = PBXFileReference; lastKnownFileType = sourcecode.swift; path = GeneratorController.swift; sourceTree = "<group>"; };
		63903AB92CE292BC00459A13 /* ErrorResponses.swift */ = {isa = PBXFileReference; lastKnownFileType = sourcecode.swift; path = ErrorResponses.swift; sourceTree = "<group>"; };
		63A096922CE63C6000537455 /* Clothing.swift */ = {isa = PBXFileReference; lastKnownFileType = sourcecode.swift; path = Clothing.swift; sourceTree = "<group>"; };
		63C82C572C935B3A00E85243 /* UploadController.swift */ = {isa = PBXFileReference; lastKnownFileType = sourcecode.swift; path = UploadController.swift; sourceTree = "<group>"; };
		63E010212BED31C3007F38F2 /* APIHandler.swift */ = {isa = PBXFileReference; lastKnownFileType = sourcecode.swift; path = APIHandler.swift; sourceTree = "<group>"; };
		63E010232BED33B3007F38F2 /* UploadController2.swift */ = {isa = PBXFileReference; lastKnownFileType = sourcecode.swift; path = UploadController2.swift; sourceTree = "<group>"; };
		63E8747C2C67FA8D00A907FD /* Extensions.swift */ = {isa = PBXFileReference; lastKnownFileType = sourcecode.swift; path = Extensions.swift; sourceTree = "<group>"; };
		63E8747E2C68069900A907FD /* User.swift */ = {isa = PBXFileReference; lastKnownFileType = sourcecode.swift; path = User.swift; sourceTree = "<group>"; };
/* End PBXFileReference section */

/* Begin PBXFrameworksBuildPhase section */
		637D85E52BE94CC90010BDBF /* Frameworks */ = {
			isa = PBXFrameworksBuildPhase;
			buildActionMask = 2147483647;
			files = (
				63E874822C680C7D00A907FD /* SDWebImage in Frameworks */,
				63E8747B2C67F0F300A907FD /* SkeletonView in Frameworks */,
			);
			runOnlyForDeploymentPostprocessing = 0;
		};
		637D85FB2BE94CCC0010BDBF /* Frameworks */ = {
			isa = PBXFrameworksBuildPhase;
			buildActionMask = 2147483647;
			files = (
			);
			runOnlyForDeploymentPostprocessing = 0;
		};
		637D86052BE94CCC0010BDBF /* Frameworks */ = {
			isa = PBXFrameworksBuildPhase;
			buildActionMask = 2147483647;
			files = (
			);
			runOnlyForDeploymentPostprocessing = 0;
		};
/* End PBXFrameworksBuildPhase section */

/* Begin PBXGroup section */
		635A6CB02C65851800142784 /* Core */ = {
			isa = PBXGroup;
			children = (
				637D86202BE955D90010BDBF /* TabBarController.swift */,
				637D85EF2BE94CC90010BDBF /* HomeController.swift */,
				637D86222BE957070010BDBF /* MyProfileController.swift */,
				637D86242BED05CD0010BDBF /* GeneratorController.swift */,
				63743F1E2CEB7A7600646541 /* OutfitsController.swift */,
				63743F202CEB7B2500646541 /* ClothesController.swift */,
				63743F222CEB7F9F00646541 /* ClothingViewCell.swift */,
			);
			path = Core;
			sourceTree = "<group>";
		};
		635A6CB12C65855900142784 /* Other */ = {
			isa = PBXGroup;
			children = (
				6321954C2C5C4B38003EE6E4 /* ClothingDetailsController.swift */,
				63E010232BED33B3007F38F2 /* UploadController2.swift */,
				635A6CB22C65858100142784 /* SignUpController.swift */,
				635A6CB42C65859000142784 /* SignInController.swift */,
				635A6CB62C6585A000142784 /* welcomeController.swift */,
				63C82C572C935B3A00E85243 /* UploadController.swift */,
			);
			path = Other;
			sourceTree = "<group>";
		};
		635A6CB82C65957500142784 /* Models */ = {
			isa = PBXGroup;
			children = (
				635A6CB92C65958E00142784 /* TokenModel.swift */,
				631B405D2C663B820018C5FF /* NetworkingError.swift */,
				63E8747E2C68069900A907FD /* User.swift */,
				63903AB92CE292BC00459A13 /* ErrorResponses.swift */,
				63A096922CE63C6000537455 /* Clothing.swift */,
			);
			path = Models;
			sourceTree = "<group>";
		};
		637D85DF2BE94CC90010BDBF = {
			isa = PBXGroup;
			children = (
				637D85EA2BE94CC90010BDBF /* Clothing Booth */,
				637D86012BE94CCC0010BDBF /* Clothing BoothTests */,
				637D860B2BE94CCC0010BDBF /* Clothing BoothUITests */,
				637D85E92BE94CC90010BDBF /* Products */,
			);
			sourceTree = "<group>";
		};
		637D85E92BE94CC90010BDBF /* Products */ = {
			isa = PBXGroup;
			children = (
				637D85E82BE94CC90010BDBF /* Clothing Booth.app */,
				637D85FE2BE94CCC0010BDBF /* Clothing BoothTests.xctest */,
				637D86082BE94CCC0010BDBF /* Clothing BoothUITests.xctest */,
			);
			name = Products;
			sourceTree = "<group>";
		};
		637D85EA2BE94CC90010BDBF /* Clothing Booth */ = {
			isa = PBXGroup;
			children = (
				637D85F92BE94CCC0010BDBF /* Info.plist */,
				637D861D2BE94DBA0010BDBF /* Resources */,
				637D861C2BE94DA70010BDBF /* Manager */,
				635A6CB82C65957500142784 /* Models */,
				637D861B2BE94D920010BDBF /* ViewController */,
			);
			path = "Clothing Booth";
			sourceTree = "<group>";
		};
		637D86012BE94CCC0010BDBF /* Clothing BoothTests */ = {
			isa = PBXGroup;
			children = (
				637D86022BE94CCC0010BDBF /* OutfitterTests.swift */,
			);
			path = "Clothing BoothTests";
			sourceTree = "<group>";
		};
		637D860B2BE94CCC0010BDBF /* Clothing BoothUITests */ = {
			isa = PBXGroup;
			children = (
				637D860C2BE94CCC0010BDBF /* OutfitterUITests.swift */,
				637D860E2BE94CCC0010BDBF /* OutfitterUITestsLaunchTests.swift */,
			);
			path = "Clothing BoothUITests";
			sourceTree = "<group>";
		};
		637D861B2BE94D920010BDBF /* ViewController */ = {
			isa = PBXGroup;
			children = (
				635A6CB02C65851800142784 /* Core */,
				635A6CB12C65855900142784 /* Other */,
			);
			path = ViewController;
			sourceTree = "<group>";
		};
		637D861C2BE94DA70010BDBF /* Manager */ = {
			isa = PBXGroup;
			children = (
				63E010212BED31C3007F38F2 /* APIHandler.swift */,
			);
			path = Manager;
			sourceTree = "<group>";
		};
		637D861D2BE94DBA0010BDBF /* Resources */ = {
			isa = PBXGroup;
			children = (
				637D85F62BE94CCC0010BDBF /* LaunchScreen.storyboard */,
				637D85F42BE94CCC0010BDBF /* Assets.xcassets */,
				637D85ED2BE94CC90010BDBF /* SceneDelegate.swift */,
				637D85EB2BE94CC90010BDBF /* AppDelegate.swift */,
				63E8747C2C67FA8D00A907FD /* Extensions.swift */,
			);
			path = Resources;
			sourceTree = "<group>";
		};
/* End PBXGroup section */

/* Begin PBXNativeTarget section */
		637D85E72BE94CC90010BDBF /* Clothing Booth */ = {
			isa = PBXNativeTarget;
			buildConfigurationList = 637D86122BE94CCC0010BDBF /* Build configuration list for PBXNativeTarget "Clothing Booth" */;
			buildPhases = (
				637D85E42BE94CC90010BDBF /* Sources */,
				637D85E52BE94CC90010BDBF /* Frameworks */,
				637D85E62BE94CC90010BDBF /* Resources */,
			);
			buildRules = (
			);
			dependencies = (
			);
			name = "Clothing Booth";
			packageProductDependencies = (
				63E8747A2C67F0F300A907FD /* SkeletonView */,
				63E874812C680C7D00A907FD /* SDWebImage */,
			);
			productName = Outfitter;
			productReference = 637D85E82BE94CC90010BDBF /* Clothing Booth.app */;
			productType = "com.apple.product-type.application";
		};
		637D85FD2BE94CCC0010BDBF /* Clothing BoothTests */ = {
			isa = PBXNativeTarget;
			buildConfigurationList = 637D86152BE94CCC0010BDBF /* Build configuration list for PBXNativeTarget "Clothing BoothTests" */;
			buildPhases = (
				637D85FA2BE94CCC0010BDBF /* Sources */,
				637D85FB2BE94CCC0010BDBF /* Frameworks */,
				637D85FC2BE94CCC0010BDBF /* Resources */,
			);
			buildRules = (
			);
			dependencies = (
				637D86002BE94CCC0010BDBF /* PBXTargetDependency */,
			);
			name = "Clothing BoothTests";
			productName = OutfitterTests;
			productReference = 637D85FE2BE94CCC0010BDBF /* Clothing BoothTests.xctest */;
			productType = "com.apple.product-type.bundle.unit-test";
		};
		637D86072BE94CCC0010BDBF /* Clothing BoothUITests */ = {
			isa = PBXNativeTarget;
			buildConfigurationList = 637D86182BE94CCC0010BDBF /* Build configuration list for PBXNativeTarget "Clothing BoothUITests" */;
			buildPhases = (
				637D86042BE94CCC0010BDBF /* Sources */,
				637D86052BE94CCC0010BDBF /* Frameworks */,
				637D86062BE94CCC0010BDBF /* Resources */,
			);
			buildRules = (
			);
			dependencies = (
				637D860A2BE94CCC0010BDBF /* PBXTargetDependency */,
			);
			name = "Clothing BoothUITests";
			productName = OutfitterUITests;
			productReference = 637D86082BE94CCC0010BDBF /* Clothing BoothUITests.xctest */;
			productType = "com.apple.product-type.bundle.ui-testing";
		};
/* End PBXNativeTarget section */

/* Begin PBXProject section */
		637D85E02BE94CC90010BDBF /* Project object */ = {
			isa = PBXProject;
			attributes = {
				BuildIndependentTargetsInParallel = 1;
				LastSwiftUpdateCheck = 1500;
				LastUpgradeCheck = 1620;
				TargetAttributes = {
					637D85E72BE94CC90010BDBF = {
						CreatedOnToolsVersion = 15.0;
					};
					637D85FD2BE94CCC0010BDBF = {
						CreatedOnToolsVersion = 15.0;
						TestTargetID = 637D85E72BE94CC90010BDBF;
					};
					637D86072BE94CCC0010BDBF = {
						CreatedOnToolsVersion = 15.0;
						TestTargetID = 637D85E72BE94CC90010BDBF;
					};
				};
			};
			buildConfigurationList = 637D85E32BE94CC90010BDBF /* Build configuration list for PBXProject "Clothing Booth" */;
			compatibilityVersion = "Xcode 14.0";
			developmentRegion = en;
			hasScannedForEncodings = 0;
			knownRegions = (
				en,
				Base,
			);
			mainGroup = 637D85DF2BE94CC90010BDBF;
			packageReferences = (
				63E874792C67F0F300A907FD /* XCRemoteSwiftPackageReference "SkeletonView" */,
				63E874802C680C7D00A907FD /* XCRemoteSwiftPackageReference "SDWebImage" */,
			);
			productRefGroup = 637D85E92BE94CC90010BDBF /* Products */;
			projectDirPath = "";
			projectRoot = "";
			targets = (
				637D85E72BE94CC90010BDBF /* Clothing Booth */,
				637D85FD2BE94CCC0010BDBF /* Clothing BoothTests */,
				637D86072BE94CCC0010BDBF /* Clothing BoothUITests */,
			);
		};
/* End PBXProject section */

/* Begin PBXResourcesBuildPhase section */
		637D85E62BE94CC90010BDBF /* Resources */ = {
			isa = PBXResourcesBuildPhase;
			buildActionMask = 2147483647;
			files = (
				637D85F82BE94CCC0010BDBF /* LaunchScreen.storyboard in Resources */,
				637D85F52BE94CCC0010BDBF /* Assets.xcassets in Resources */,
			);
			runOnlyForDeploymentPostprocessing = 0;
		};
		637D85FC2BE94CCC0010BDBF /* Resources */ = {
			isa = PBXResourcesBuildPhase;
			buildActionMask = 2147483647;
			files = (
			);
			runOnlyForDeploymentPostprocessing = 0;
		};
		637D86062BE94CCC0010BDBF /* Resources */ = {
			isa = PBXResourcesBuildPhase;
			buildActionMask = 2147483647;
			files = (
			);
			runOnlyForDeploymentPostprocessing = 0;
		};
/* End PBXResourcesBuildPhase section */

/* Begin PBXSourcesBuildPhase section */
		637D85E42BE94CC90010BDBF /* Sources */ = {
			isa = PBXSourcesBuildPhase;
			buildActionMask = 2147483647;
			files = (
				63743F1F2CEB7A7600646541 /* OutfitsController.swift in Sources */,
				63C82C582C935B3A00E85243 /* UploadController.swift in Sources */,
				63E010222BED31C3007F38F2 /* APIHandler.swift in Sources */,
				63A096932CE63C6000537455 /* Clothing.swift in Sources */,
				637D86232BE957070010BDBF /* MyProfileController.swift in Sources */,
				635A6CB72C6585A000142784 /* welcomeController.swift in Sources */,
				63E010242BED33B3007F38F2 /* UploadController2.swift in Sources */,
				63E8747F2C68069900A907FD /* User.swift in Sources */,
				637D85F02BE94CC90010BDBF /* HomeController.swift in Sources */,
				637D86212BE955D90010BDBF /* TabBarController.swift in Sources */,
				635A6CB32C65858100142784 /* SignUpController.swift in Sources */,
				63743F212CEB7B2500646541 /* ClothesController.swift in Sources */,
				637D85EC2BE94CC90010BDBF /* AppDelegate.swift in Sources */,
				6321954D2C5C4B38003EE6E4 /* ClothingDetailsController.swift in Sources */,
				63903ABA2CE292BC00459A13 /* ErrorResponses.swift in Sources */,
				637D85EE2BE94CC90010BDBF /* SceneDelegate.swift in Sources */,
				63743F232CEB7F9F00646541 /* ClothingViewCell.swift in Sources */,
				63E8747D2C67FA8D00A907FD /* Extensions.swift in Sources */,
				631B405E2C663B820018C5FF /* NetworkingError.swift in Sources */,
				637D86252BED05CD0010BDBF /* GeneratorController.swift in Sources */,
				635A6CBA2C65958E00142784 /* TokenModel.swift in Sources */,
				635A6CB52C65859000142784 /* SignInController.swift in Sources */,
			);
			runOnlyForDeploymentPostprocessing = 0;
		};
		637D85FA2BE94CCC0010BDBF /* Sources */ = {
			isa = PBXSourcesBuildPhase;
			buildActionMask = 2147483647;
			files = (
				637D86032BE94CCC0010BDBF /* OutfitterTests.swift in Sources */,
			);
			runOnlyForDeploymentPostprocessing = 0;
		};
		637D86042BE94CCC0010BDBF /* Sources */ = {
			isa = PBXSourcesBuildPhase;
			buildActionMask = 2147483647;
			files = (
				637D860D2BE94CCC0010BDBF /* OutfitterUITests.swift in Sources */,
				637D860F2BE94CCC0010BDBF /* OutfitterUITestsLaunchTests.swift in Sources */,
			);
			runOnlyForDeploymentPostprocessing = 0;
		};
/* End PBXSourcesBuildPhase section */

/* Begin PBXTargetDependency section */
		637D86002BE94CCC0010BDBF /* PBXTargetDependency */ = {
			isa = PBXTargetDependency;
			target = 637D85E72BE94CC90010BDBF /* Clothing Booth */;
			targetProxy = 637D85FF2BE94CCC0010BDBF /* PBXContainerItemProxy */;
		};
		637D860A2BE94CCC0010BDBF /* PBXTargetDependency */ = {
			isa = PBXTargetDependency;
			target = 637D85E72BE94CC90010BDBF /* Clothing Booth */;
			targetProxy = 637D86092BE94CCC0010BDBF /* PBXContainerItemProxy */;
		};
/* End PBXTargetDependency section */

/* Begin PBXVariantGroup section */
		637D85F62BE94CCC0010BDBF /* LaunchScreen.storyboard */ = {
			isa = PBXVariantGroup;
			children = (
				637D85F72BE94CCC0010BDBF /* Base */,
			);
			name = LaunchScreen.storyboard;
			sourceTree = "<group>";
		};
/* End PBXVariantGroup section */

/* Begin XCBuildConfiguration section */
		637D86102BE94CCC0010BDBF /* Debug */ = {
			isa = XCBuildConfiguration;
			buildSettings = {
				ALWAYS_SEARCH_USER_PATHS = NO;
				ASSETCATALOG_COMPILER_GENERATE_SWIFT_ASSET_SYMBOL_EXTENSIONS = YES;
				CLANG_ANALYZER_NONNULL = YES;
				CLANG_ANALYZER_NUMBER_OBJECT_CONVERSION = YES_AGGRESSIVE;
				CLANG_CXX_LANGUAGE_STANDARD = "gnu++20";
				CLANG_ENABLE_MODULES = YES;
				CLANG_ENABLE_OBJC_ARC = YES;
				CLANG_ENABLE_OBJC_WEAK = YES;
				CLANG_WARN_BLOCK_CAPTURE_AUTORELEASING = YES;
				CLANG_WARN_BOOL_CONVERSION = YES;
				CLANG_WARN_COMMA = YES;
				CLANG_WARN_CONSTANT_CONVERSION = YES;
				CLANG_WARN_DEPRECATED_OBJC_IMPLEMENTATIONS = YES;
				CLANG_WARN_DIRECT_OBJC_ISA_USAGE = YES_ERROR;
				CLANG_WARN_DOCUMENTATION_COMMENTS = YES;
				CLANG_WARN_EMPTY_BODY = YES;
				CLANG_WARN_ENUM_CONVERSION = YES;
				CLANG_WARN_INFINITE_RECURSION = YES;
				CLANG_WARN_INT_CONVERSION = YES;
				CLANG_WARN_NON_LITERAL_NULL_CONVERSION = YES;
				CLANG_WARN_OBJC_IMPLICIT_RETAIN_SELF = YES;
				CLANG_WARN_OBJC_LITERAL_CONVERSION = YES;
				CLANG_WARN_OBJC_ROOT_CLASS = YES_ERROR;
				CLANG_WARN_QUOTED_INCLUDE_IN_FRAMEWORK_HEADER = YES;
				CLANG_WARN_RANGE_LOOP_ANALYSIS = YES;
				CLANG_WARN_STRICT_PROTOTYPES = YES;
				CLANG_WARN_SUSPICIOUS_MOVE = YES;
				CLANG_WARN_UNGUARDED_AVAILABILITY = YES_AGGRESSIVE;
				CLANG_WARN_UNREACHABLE_CODE = YES;
				CLANG_WARN__DUPLICATE_METHOD_MATCH = YES;
				COPY_PHASE_STRIP = NO;
				DEBUG_INFORMATION_FORMAT = dwarf;
				ENABLE_STRICT_OBJC_MSGSEND = YES;
				ENABLE_TESTABILITY = YES;
				ENABLE_USER_SCRIPT_SANDBOXING = YES;
				GCC_C_LANGUAGE_STANDARD = gnu17;
				GCC_DYNAMIC_NO_PIC = NO;
				GCC_NO_COMMON_BLOCKS = YES;
				GCC_OPTIMIZATION_LEVEL = 0;
				GCC_PREPROCESSOR_DEFINITIONS = (
					"DEBUG=1",
					"$(inherited)",
				);
				GCC_WARN_64_TO_32_BIT_CONVERSION = YES;
				GCC_WARN_ABOUT_RETURN_TYPE = YES_ERROR;
				GCC_WARN_UNDECLARED_SELECTOR = YES;
				GCC_WARN_UNINITIALIZED_AUTOS = YES_AGGRESSIVE;
				GCC_WARN_UNUSED_FUNCTION = YES;
				GCC_WARN_UNUSED_VARIABLE = YES;
				IPHONEOS_DEPLOYMENT_TARGET = 17.0;
				LOCALIZATION_PREFERS_STRING_CATALOGS = YES;
				MTL_ENABLE_DEBUG_INFO = INCLUDE_SOURCE;
				MTL_FAST_MATH = YES;
				ONLY_ACTIVE_ARCH = YES;
				SDKROOT = iphoneos;
				SWIFT_ACTIVE_COMPILATION_CONDITIONS = "DEBUG $(inherited)";
				SWIFT_OPTIMIZATION_LEVEL = "-Onone";
			};
			name = Debug;
		};
		637D86112BE94CCC0010BDBF /* Release */ = {
			isa = XCBuildConfiguration;
			buildSettings = {
				ALWAYS_SEARCH_USER_PATHS = NO;
				ASSETCATALOG_COMPILER_GENERATE_SWIFT_ASSET_SYMBOL_EXTENSIONS = YES;
				CLANG_ANALYZER_NONNULL = YES;
				CLANG_ANALYZER_NUMBER_OBJECT_CONVERSION = YES_AGGRESSIVE;
				CLANG_CXX_LANGUAGE_STANDARD = "gnu++20";
				CLANG_ENABLE_MODULES = YES;
				CLANG_ENABLE_OBJC_ARC = YES;
				CLANG_ENABLE_OBJC_WEAK = YES;
				CLANG_WARN_BLOCK_CAPTURE_AUTORELEASING = YES;
				CLANG_WARN_BOOL_CONVERSION = YES;
				CLANG_WARN_COMMA = YES;
				CLANG_WARN_CONSTANT_CONVERSION = YES;
				CLANG_WARN_DEPRECATED_OBJC_IMPLEMENTATIONS = YES;
				CLANG_WARN_DIRECT_OBJC_ISA_USAGE = YES_ERROR;
				CLANG_WARN_DOCUMENTATION_COMMENTS = YES;
				CLANG_WARN_EMPTY_BODY = YES;
				CLANG_WARN_ENUM_CONVERSION = YES;
				CLANG_WARN_INFINITE_RECURSION = YES;
				CLANG_WARN_INT_CONVERSION = YES;
				CLANG_WARN_NON_LITERAL_NULL_CONVERSION = YES;
				CLANG_WARN_OBJC_IMPLICIT_RETAIN_SELF = YES;
				CLANG_WARN_OBJC_LITERAL_CONVERSION = YES;
				CLANG_WARN_OBJC_ROOT_CLASS = YES_ERROR;
				CLANG_WARN_QUOTED_INCLUDE_IN_FRAMEWORK_HEADER = YES;
				CLANG_WARN_RANGE_LOOP_ANALYSIS = YES;
				CLANG_WARN_STRICT_PROTOTYPES = YES;
				CLANG_WARN_SUSPICIOUS_MOVE = YES;
				CLANG_WARN_UNGUARDED_AVAILABILITY = YES_AGGRESSIVE;
				CLANG_WARN_UNREACHABLE_CODE = YES;
				CLANG_WARN__DUPLICATE_METHOD_MATCH = YES;
				COPY_PHASE_STRIP = NO;
				DEBUG_INFORMATION_FORMAT = "dwarf-with-dsym";
				ENABLE_NS_ASSERTIONS = NO;
				ENABLE_STRICT_OBJC_MSGSEND = YES;
				ENABLE_USER_SCRIPT_SANDBOXING = YES;
				GCC_C_LANGUAGE_STANDARD = gnu17;
				GCC_NO_COMMON_BLOCKS = YES;
				GCC_WARN_64_TO_32_BIT_CONVERSION = YES;
				GCC_WARN_ABOUT_RETURN_TYPE = YES_ERROR;
				GCC_WARN_UNDECLARED_SELECTOR = YES;
				GCC_WARN_UNINITIALIZED_AUTOS = YES_AGGRESSIVE;
				GCC_WARN_UNUSED_FUNCTION = YES;
				GCC_WARN_UNUSED_VARIABLE = YES;
				IPHONEOS_DEPLOYMENT_TARGET = 17.0;
				LOCALIZATION_PREFERS_STRING_CATALOGS = YES;
				MTL_ENABLE_DEBUG_INFO = NO;
				MTL_FAST_MATH = YES;
				SDKROOT = iphoneos;
				SWIFT_COMPILATION_MODE = wholemodule;
				VALIDATE_PRODUCT = YES;
			};
			name = Release;
		};
		637D86132BE94CCC0010BDBF /* Debug */ = {
			isa = XCBuildConfiguration;
			buildSettings = {
				ASSETCATALOG_COMPILER_APPICON_NAME = AppIcon;
				ASSETCATALOG_COMPILER_GLOBAL_ACCENT_COLOR_NAME = AccentColor;
				ASSETCATALOG_COMPILER_INCLUDE_ALL_APPICON_ASSETS = NO;
				CODE_SIGN_STYLE = Automatic;
				CURRENT_PROJECT_VERSION = 1;
				DEVELOPMENT_TEAM = 7XGZ6RZ9AK;
				GENERATE_INFOPLIST_FILE = YES;
				INFOPLIST_FILE = "Clothing Booth/Info.plist";
				INFOPLIST_KEY_CFBundleDisplayName = "Clothing Booth";
				INFOPLIST_KEY_LSApplicationCategoryType = "public.app-category.lifestyle";
				INFOPLIST_KEY_UIApplicationSupportsIndirectInputEvents = YES;
				INFOPLIST_KEY_UILaunchStoryboardName = LaunchScreen;
				INFOPLIST_KEY_UIRequiresFullScreen = YES;
				INFOPLIST_KEY_UISupportedInterfaceOrientations = UIInterfaceOrientationPortrait;
				LD_RUNPATH_SEARCH_PATHS = (
					"$(inherited)",
					"@executable_path/Frameworks",
				);
				MARKETING_VERSION = 1.0;
				PRODUCT_BUNDLE_IDENTIFIER = "com.david-riegel.clothing-booth";
				PRODUCT_NAME = "$(TARGET_NAME)";
				SUPPORTED_PLATFORMS = "iphoneos iphonesimulator";
				SUPPORTS_MACCATALYST = NO;
				SUPPORTS_MAC_DESIGNED_FOR_IPHONE_IPAD = NO;
				SUPPORTS_XR_DESIGNED_FOR_IPHONE_IPAD = NO;
				SWIFT_EMIT_LOC_STRINGS = YES;
				SWIFT_VERSION = 5.0;
				TARGETED_DEVICE_FAMILY = 1;
			};
			name = Debug;
		};
		637D86142BE94CCC0010BDBF /* Release */ = {
			isa = XCBuildConfiguration;
			buildSettings = {
				ASSETCATALOG_COMPILER_APPICON_NAME = AppIcon;
				ASSETCATALOG_COMPILER_GLOBAL_ACCENT_COLOR_NAME = AccentColor;
				ASSETCATALOG_COMPILER_INCLUDE_ALL_APPICON_ASSETS = NO;
				CODE_SIGN_STYLE = Automatic;
				CURRENT_PROJECT_VERSION = 1;
				DEVELOPMENT_TEAM = 7XGZ6RZ9AK;
				GENERATE_INFOPLIST_FILE = YES;
				INFOPLIST_FILE = "Clothing Booth/Info.plist";
				INFOPLIST_KEY_CFBundleDisplayName = "Clothing Booth";
				INFOPLIST_KEY_LSApplicationCategoryType = "public.app-category.lifestyle";
				INFOPLIST_KEY_UIApplicationSupportsIndirectInputEvents = YES;
				INFOPLIST_KEY_UILaunchStoryboardName = LaunchScreen;
				INFOPLIST_KEY_UIRequiresFullScreen = YES;
				INFOPLIST_KEY_UISupportedInterfaceOrientations = UIInterfaceOrientationPortrait;
				LD_RUNPATH_SEARCH_PATHS = (
					"$(inherited)",
					"@executable_path/Frameworks",
				);
				MARKETING_VERSION = 1.0;
				PRODUCT_BUNDLE_IDENTIFIER = "com.david-riegel.clothing-booth";
				PRODUCT_NAME = "$(TARGET_NAME)";
				SUPPORTED_PLATFORMS = "iphoneos iphonesimulator";
				SUPPORTS_MACCATALYST = NO;
				SUPPORTS_MAC_DESIGNED_FOR_IPHONE_IPAD = NO;
				SUPPORTS_XR_DESIGNED_FOR_IPHONE_IPAD = NO;
				SWIFT_EMIT_LOC_STRINGS = YES;
				SWIFT_VERSION = 5.0;
				TARGETED_DEVICE_FAMILY = 1;
			};
			name = Release;
		};
		637D86162BE94CCC0010BDBF /* Debug */ = {
			isa = XCBuildConfiguration;
			buildSettings = {
				BUNDLE_LOADER = "$(TEST_HOST)";
				CODE_SIGN_STYLE = Automatic;
				CURRENT_PROJECT_VERSION = 1;
				DEVELOPMENT_TEAM = 7XGZ6RZ9AK;
				GENERATE_INFOPLIST_FILE = YES;
				IPHONEOS_DEPLOYMENT_TARGET = 17.0;
				MARKETING_VERSION = 1.0;
				PRODUCT_BUNDLE_IDENTIFIER = "com.david-riegel.OutfitterTests";
				PRODUCT_NAME = "$(TARGET_NAME)";
				SWIFT_EMIT_LOC_STRINGS = NO;
				SWIFT_VERSION = 5.0;
				TARGETED_DEVICE_FAMILY = "1,2";
				TEST_HOST = "$(BUILT_PRODUCTS_DIR)/Clothing Booth.app/$(BUNDLE_EXECUTABLE_FOLDER_PATH)/Clothing Booth";
			};
			name = Debug;
		};
		637D86172BE94CCC0010BDBF /* Release */ = {
			isa = XCBuildConfiguration;
			buildSettings = {
				BUNDLE_LOADER = "$(TEST_HOST)";
				CODE_SIGN_STYLE = Automatic;
				CURRENT_PROJECT_VERSION = 1;
				DEVELOPMENT_TEAM = 7XGZ6RZ9AK;
				GENERATE_INFOPLIST_FILE = YES;
				IPHONEOS_DEPLOYMENT_TARGET = 17.0;
				MARKETING_VERSION = 1.0;
				PRODUCT_BUNDLE_IDENTIFIER = "com.david-riegel.OutfitterTests";
				PRODUCT_NAME = "$(TARGET_NAME)";
				SWIFT_EMIT_LOC_STRINGS = NO;
				SWIFT_VERSION = 5.0;
				TARGETED_DEVICE_FAMILY = "1,2";
				TEST_HOST = "$(BUILT_PRODUCTS_DIR)/Clothing Booth.app/$(BUNDLE_EXECUTABLE_FOLDER_PATH)/Clothing Booth";
			};
			name = Release;
		};
		637D86192BE94CCC0010BDBF /* Debug */ = {
			isa = XCBuildConfiguration;
			buildSettings = {
				CODE_SIGN_STYLE = Automatic;
				CURRENT_PROJECT_VERSION = 1;
				DEVELOPMENT_TEAM = 7XGZ6RZ9AK;
				GENERATE_INFOPLIST_FILE = YES;
				MARKETING_VERSION = 1.0;
				PRODUCT_BUNDLE_IDENTIFIER = "com.david-riegel.OutfitterUITests";
				PRODUCT_NAME = "$(TARGET_NAME)";
				SWIFT_EMIT_LOC_STRINGS = NO;
				SWIFT_VERSION = 5.0;
				TARGETED_DEVICE_FAMILY = "1,2";
				TEST_TARGET_NAME = Outfitter;
			};
			name = Debug;
		};
		637D861A2BE94CCC0010BDBF /* Release */ = {
			isa = XCBuildConfiguration;
			buildSettings = {
				CODE_SIGN_STYLE = Automatic;
				CURRENT_PROJECT_VERSION = 1;
				DEVELOPMENT_TEAM = 7XGZ6RZ9AK;
				GENERATE_INFOPLIST_FILE = YES;
				MARKETING_VERSION = 1.0;
				PRODUCT_BUNDLE_IDENTIFIER = "com.david-riegel.OutfitterUITests";
				PRODUCT_NAME = "$(TARGET_NAME)";
				SWIFT_EMIT_LOC_STRINGS = NO;
				SWIFT_VERSION = 5.0;
				TARGETED_DEVICE_FAMILY = "1,2";
				TEST_TARGET_NAME = Outfitter;
			};
			name = Release;
		};
/* End XCBuildConfiguration section */

/* Begin XCConfigurationList section */
		637D85E32BE94CC90010BDBF /* Build configuration list for PBXProject "Clothing Booth" */ = {
			isa = XCConfigurationList;
			buildConfigurations = (
				637D86102BE94CCC0010BDBF /* Debug */,
				637D86112BE94CCC0010BDBF /* Release */,
			);
			defaultConfigurationIsVisible = 0;
			defaultConfigurationName = Release;
		};
		637D86122BE94CCC0010BDBF /* Build configuration list for PBXNativeTarget "Clothing Booth" */ = {
			isa = XCConfigurationList;
			buildConfigurations = (
				637D86132BE94CCC0010BDBF /* Debug */,
				637D86142BE94CCC0010BDBF /* Release */,
			);
			defaultConfigurationIsVisible = 0;
			defaultConfigurationName = Release;
		};
		637D86152BE94CCC0010BDBF /* Build configuration list for PBXNativeTarget "Clothing BoothTests" */ = {
			isa = XCConfigurationList;
			buildConfigurations = (
				637D86162BE94CCC0010BDBF /* Debug */,
				637D86172BE94CCC0010BDBF /* Release */,
			);
			defaultConfigurationIsVisible = 0;
			defaultConfigurationName = Release;
		};
		637D86182BE94CCC0010BDBF /* Build configuration list for PBXNativeTarget "Clothing BoothUITests" */ = {
			isa = XCConfigurationList;
			buildConfigurations = (
				637D86192BE94CCC0010BDBF /* Debug */,
				637D861A2BE94CCC0010BDBF /* Release */,
			);
			defaultConfigurationIsVisible = 0;
			defaultConfigurationName = Release;
		};
/* End XCConfigurationList section */

/* Begin XCRemoteSwiftPackageReference section */
		63E874792C67F0F300A907FD /* XCRemoteSwiftPackageReference "SkeletonView" */ = {
			isa = XCRemoteSwiftPackageReference;
			repositoryURL = "https://github.com/Juanpe/SkeletonView.git";
			requirement = {
				kind = upToNextMajorVersion;
				minimumVersion = 1.31.0;
			};
		};
		63E874802C680C7D00A907FD /* XCRemoteSwiftPackageReference "SDWebImage" */ = {
			isa = XCRemoteSwiftPackageReference;
			repositoryURL = "https://github.com/SDWebImage/SDWebImage";
			requirement = {
				kind = upToNextMajorVersion;
				minimumVersion = 5.19.6;
			};
		};
/* End XCRemoteSwiftPackageReference section */

/* Begin XCSwiftPackageProductDependency section */
		63E8747A2C67F0F300A907FD /* SkeletonView */ = {
			isa = XCSwiftPackageProductDependency;
			package = 63E874792C67F0F300A907FD /* XCRemoteSwiftPackageReference "SkeletonView" */;
			productName = SkeletonView;
		};
		63E874812C680C7D00A907FD /* SDWebImage */ = {
			isa = XCSwiftPackageProductDependency;
			package = 63E874802C680C7D00A907FD /* XCRemoteSwiftPackageReference "SDWebImage" */;
			productName = SDWebImage;
		};
/* End XCSwiftPackageProductDependency section */
	};
	rootObject = 637D85E02BE94CC90010BDBF /* Project object */;
}
